
Microsoft Visual Studio Solution File, Format Version 12.00
# Visual Studio 15
Project("{FAE04EC0-301F-11D3-BF4B-00C04F79EFBC}") = "Assembly-CSharp", "Assembly-CSharp.csproj", "{7BC8CE18-B26A-93E1-C89A-02A715DC9F58}"
EndProject
Project("{FAE04EC0-301F-11D3-BF4B-00C04F79EFBC}") = "Assembly-CSharp-Editor", "Assembly-CSharp-Editor.csproj", "{50AF1007-D8BF-08A6-7C0C-BA520AFFDC5F}"
EndProject
Global
	GlobalSection(SolutionConfigurationPlatforms) = preSolution
		Debug|Any CPU = Debug|Any CPU
		Release|Any CPU = Release|Any CPU
	EndGlobalSection
	GlobalSection(ProjectConfigurationPlatforms) = postSolution
		{7BC8CE18-B26A-93E1-C89A-02A715DC9F58}.Debug|Any CPU.ActiveCfg = Debug|Any CPU
		{7BC8CE18-B26A-93E1-C89A-02A715DC9F58}.Debug|Any CPU.Build.0 = Debug|Any CPU
		{7BC8CE18-B26A-93E1-C89A-02A715DC9F58}.Release|Any CPU.ActiveCfg = Release|Any CPU
		{7BC8CE18-B26A-93E1-C89A-02A715DC9F58}.Release|Any CPU.Build.0 = Release|Any CPU
		{50AF1007-D8BF-08A6-7C0C-BA520AFFDC5F}.Debug|Any CPU.ActiveCfg = Debug|Any CPU
		{50AF1007-D8BF-08A6-7C0C-BA520AFFDC5F}.Debug|Any CPU.Build.0 = Debug|Any CPU
		{50AF1007-D8BF-08A6-7C0C-BA520AFFDC5F}.Release|Any CPU.ActiveCfg = Release|Any CPU
		{50AF1007-D8BF-08A6-7C0C-BA520AFFDC5F}.Release|Any CPU.Build.0 = Release|Any CPU
	EndGlobalSection
	GlobalSection(SolutionProperties) = preSolution
		HideSolutionNode = FALSE
	EndGlobalSection
EndGlobal
